// !$*UTF8*$!
{
	archiveVersion = 1;
	classes = {
	};
	objectVersion = 52;
	objects = {

/* Begin PBXBuildFile section */
		AE24EA5024D0F09700FDDE97 /* AppDelegate.swift in Sources */ = {isa = PBXBuildFile; fileRef = AE24EA4F24D0F09700FDDE97 /* AppDelegate.swift */; };
		AE24EA5224D0F09700FDDE97 /* SceneDelegate.swift in Sources */ = {isa = PBXBuildFile; fileRef = AE24EA5124D0F09700FDDE97 /* SceneDelegate.swift */; };
		AE24EA5424D0F09700FDDE97 /* ContentView.swift in Sources */ = {isa = PBXBuildFile; fileRef = AE24EA5324D0F09700FDDE97 /* ContentView.swift */; };
		AE24EA5624D0F09900FDDE97 /* Assets.xcassets in Resources */ = {isa = PBXBuildFile; fileRef = AE24EA5524D0F09900FDDE97 /* Assets.xcassets */; };
		AE24EA5924D0F09900FDDE97 /* Preview Assets.xcassets in Resources */ = {isa = PBXBuildFile; fileRef = AE24EA5824D0F09900FDDE97 /* Preview Assets.xcassets */; };
		AE24EA5C24D0F09900FDDE97 /* LaunchScreen.storyboard in Resources */ = {isa = PBXBuildFile; fileRef = AE24EA5A24D0F09900FDDE97 /* LaunchScreen.storyboard */; };
		AE2B70AA24D4D1F0004065AD /* ProspectsView.swift in Sources */ = {isa = PBXBuildFile; fileRef = AE2B70A924D4D1F0004065AD /* ProspectsView.swift */; };
		AE2B70AC24D4D1FA004065AD /* MeView.swift in Sources */ = {isa = PBXBuildFile; fileRef = AE2B70AB24D4D1FA004065AD /* MeView.swift */; };
		AE2B70AE24D4D4E4004065AD /* Prospect.swift in Sources */ = {isa = PBXBuildFile; fileRef = AE2B70AD24D4D4E4004065AD /* Prospect.swift */; };
		AE2C81D624D62AFE00CB9179 /* CodeScanner in Frameworks */ = {isa = PBXBuildFile; productRef = AE2C81D524D62AFE00CB9179 /* CodeScanner */; };
/* End PBXBuildFile section */

/* Begin PBXFileReference section */
		AE24EA4C24D0F09700FDDE97 /* HotProspects.app */ = {isa = PBXFileReference; explicitFileType = wrapper.application; includeInIndex = 0; path = HotProspects.app; sourceTree = BUILT_PRODUCTS_DIR; };
		AE24EA4F24D0F09700FDDE97 /* AppDelegate.swift */ = {isa = PBXFileReference; lastKnownFileType = sourcecode.swift; path = AppDelegate.swift; sourceTree = "<group>"; };
		AE24EA5124D0F09700FDDE97 /* SceneDelegate.swift */ = {isa = PBXFileReference; lastKnownFileType = sourcecode.swift; path = SceneDelegate.swift; sourceTree = "<group>"; };
		AE24EA5324D0F09700FDDE97 /* ContentView.swift */ = {isa = PBXFileReference; lastKnownFileType = sourcecode.swift; path = ContentView.swift; sourceTree = "<group>"; };
		AE24EA5524D0F09900FDDE97 /* Assets.xcassets */ = {isa = PBXFileReference; lastKnownFileType = folder.assetcatalog; path = Assets.xcassets; sourceTree = "<group>"; };
		AE24EA5824D0F09900FDDE97 /* Preview Assets.xcassets */ = {isa = PBXFileReference; lastKnownFileType = folder.assetcatalog; path = "Preview Assets.xcassets"; sourceTree = "<group>"; };
		AE24EA5B24D0F09900FDDE97 /* Base */ = {isa = PBXFileReference; lastKnownFileType = file.storyboard; name = Base; path = Base.lproj/LaunchScreen.storyboard; sourceTree = "<group>"; };
		AE24EA5D24D0F09900FDDE97 /* Info.plist */ = {isa = PBXFileReference; lastKnownFileType = text.plist.xml; path = Info.plist; sourceTree = "<group>"; };
		AE2B70A924D4D1F0004065AD /* ProspectsView.swift */ = {isa = PBXFileReference; lastKnownFileType = sourcecode.swift; path = ProspectsView.swift; sourceTree = "<group>"; };
		AE2B70AB24D4D1FA004065AD /* MeView.swift */ = {isa = PBXFileReference; lastKnownFileType = sourcecode.swift; path = MeView.swift; sourceTree = "<group>"; };
		AE2B70AD24D4D4E4004065AD /* Prospect.swift */ = {isa = PBXFileReference; lastKnownFileType = sourcecode.swift; path = Prospect.swift; sourceTree = "<group>"; };
/* End PBXFileReference section */

/* Begin PBXFrameworksBuildPhase section */
		AE24EA4924D0F09700FDDE97 /* Frameworks */ = {
			isa = PBXFrameworksBuildPhase;
			buildActionMask = 2147483647;
			files = (
				AE2C81D624D62AFE00CB9179 /* CodeScanner in Frameworks */,
			);
			runOnlyForDeploymentPostprocessing = 0;
		};
/* End PBXFrameworksBuildPhase section */

/* Begin PBXGroup section */
		AE24EA4324D0F09700FDDE97 = {
			isa = PBXGroup;
			children = (
				AE24EA4E24D0F09700FDDE97 /* HotProspects */,
				AE24EA4D24D0F09700FDDE97 /* Products */,
			);
			sourceTree = "<group>";
		};
		AE24EA4D24D0F09700FDDE97 /* Products */ = {
			isa = PBXGroup;
			children = (
				AE24EA4C24D0F09700FDDE97 /* HotProspects.app */,
			);
			name = Products;
			sourceTree = "<group>";
		};
		AE24EA4E24D0F09700FDDE97 /* HotProspects */ = {
			isa = PBXGroup;
			children = (
				AE24EA4F24D0F09700FDDE97 /* AppDelegate.swift */,
				AE24EA5124D0F09700FDDE97 /* SceneDelegate.swift */,
				AE24EA5324D0F09700FDDE97 /* ContentView.swift */,
				AE2B70A924D4D1F0004065AD /* ProspectsView.swift */,
				AE2B70AB24D4D1FA004065AD /* MeView.swift */,
				AE2B70AD24D4D4E4004065AD /* Prospect.swift */,
				AE24EA5524D0F09900FDDE97 /* Assets.xcassets */,
				AE24EA5A24D0F09900FDDE97 /* LaunchScreen.storyboard */,
				AE24EA5D24D0F09900FDDE97 /* Info.plist */,
				AE24EA5724D0F09900FDDE97 /* Preview Content */,
			);
			path = HotProspects;
			sourceTree = "<group>";
		};
		AE24EA5724D0F09900FDDE97 /* Preview Content */ = {
			isa = PBXGroup;
			children = (
				AE24EA5824D0F09900FDDE97 /* Preview Assets.xcassets */,
			);
			path = "Preview Content";
			sourceTree = "<group>";
		};
/* End PBXGroup section */

/* Begin PBXNativeTarget section */
		AE24EA4B24D0F09700FDDE97 /* HotProspects */ = {
			isa = PBXNativeTarget;
			buildConfigurationList = AE24EA6024D0F09900FDDE97 /* Build configuration list for PBXNativeTarget "HotProspects" */;
			buildPhases = (
				AE24EA4824D0F09700FDDE97 /* Sources */,
				AE24EA4924D0F09700FDDE97 /* Frameworks */,
				AE24EA4A24D0F09700FDDE97 /* Resources */,
			);
			buildRules = (
			);
			dependencies = (
			);
			name = HotProspects;
			packageProductDependencies = (
				AE2C81D524D62AFE00CB9179 /* CodeScanner */,
			);
			productName = HotProspects;
			productReference = AE24EA4C24D0F09700FDDE97 /* HotProspects.app */;
			productType = "com.apple.product-type.application";
		};
/* End PBXNativeTarget section */

/* Begin PBXProject section */
		AE24EA4424D0F09700FDDE97 /* Project object */ = {
			isa = PBXProject;
			attributes = {
				LastSwiftUpdateCheck = 1140;
				LastUpgradeCheck = 1140;
				ORGANIZATIONNAME = dmb;
				TargetAttributes = {
					AE24EA4B24D0F09700FDDE97 = {
						CreatedOnToolsVersion = 11.4;
					};
				};
			};
			buildConfigurationList = AE24EA4724D0F09700FDDE97 /* Build configuration list for PBXProject "HotProspects" */;
			compatibilityVersion = "Xcode 9.3";
			developmentRegion = en;
			hasScannedForEncodings = 0;
			knownRegions = (
				en,
				Base,
			);
			mainGroup = AE24EA4324D0F09700FDDE97;
			packageReferences = (
				AE2C81D424D62AFE00CB9179 /* XCRemoteSwiftPackageReference "CodeScanner" */,
			);
			productRefGroup = AE24EA4D24D0F09700FDDE97 /* Products */;
			projectDirPath = "";
			projectRoot = "";
			targets = (
				AE24EA4B24D0F09700FDDE97 /* HotProspects */,
			);
		};
/* End PBXProject section */

/* Begin PBXResourcesBuildPhase section */
		AE24EA4A24D0F09700FDDE97 /* Resources */ = {
			isa = PBXResourcesBuildPhase;
			buildActionMask = 2147483647;
			files = (
				AE24EA5C24D0F09900FDDE97 /* LaunchScreen.storyboard in Resources */,
				AE24EA5924D0F09900FDDE97 /* Preview Assets.xcassets in Resources */,
				AE24EA5624D0F09900FDDE97 /* Assets.xcassets in Resources */,
			);
			runOnlyForDeploymentPostprocessing = 0;
		};
/* End PBXResourcesBuildPhase section */

/* Begin PBXSourcesBuildPhase section */
		AE24EA4824D0F09700FDDE97 /* Sources */ = {
			isa = PBXSourcesBuildPhase;
			buildActionMask = 2147483647;
			files = (
				AE2B70AA24D4D1F0004065AD /* ProspectsView.swift in Sources */,
				AE2B70AE24D4D4E4004065AD /* Prospect.swift in Sources */,
				AE24EA5024D0F09700FDDE97 /* AppDelegate.swift in Sources */,
				AE24EA5224D0F09700FDDE97 /* SceneDelegate.swift in Sources */,
				AE24EA5424D0F09700FDDE97 /* ContentView.swift in Sources */,
				AE2B70AC24D4D1FA004065AD /* MeView.swift in Sources */,
			);
			runOnlyForDeploymentPostprocessing = 0;
		};
/* End PBXSourcesBuildPhase section */

/* Begin PBXVariantGroup section */
		AE24EA5A24D0F09900FDDE97 /* LaunchScreen.storyboard */ = {
			isa = PBXVariantGroup;
			children = (
				AE24EA5B24D0F09900FDDE97 /* Base */,
			);
			name = LaunchScreen.storyboard;
			sourceTree = "<group>";
		};
/* End PBXVariantGroup section */

/* Begin XCBuildConfiguration section */
		AE24EA5E24D0F09900FDDE97 /* Debug */ = {
			isa = XCBuildConfiguration;
			buildSettings = {
				ALWAYS_SEARCH_USER_PATHS = NO;
				CLANG_ANALYZER_NONNULL = YES;
				CLANG_ANALYZER_NUMBER_OBJECT_CONVERSION = YES_AGGRESSIVE;
				CLANG_CXX_LANGUAGE_STANDARD = "gnu++14";
				CLANG_CXX_LIBRARY = "libc++";
				CLANG_ENABLE_MODULES = YES;
				CLANG_ENABLE_OBJC_ARC = YES;
				CLANG_ENABLE_OBJC_WEAK = YES;
				CLANG_WARN_BLOCK_CAPTURE_AUTORELEASING = YES;
				CLANG_WARN_BOOL_CONVERSION = YES;
				CLANG_WARN_COMMA = YES;
				CLANG_WARN_CONSTANT_CONVERSION = YES;
				CLANG_WARN_DEPRECATED_OBJC_IMPLEMENTATIONS = YES;
				CLANG_WARN_DIRECT_OBJC_ISA_USAGE = YES_ERROR;
				CLANG_WARN_DOCUMENTATION_COMMENTS = YES;
				CLANG_WARN_EMPTY_BODY = YES;
				CLANG_WARN_ENUM_CONVERSION = YES;
				CLANG_WARN_INFINITE_RECURSION = YES;
				CLANG_WARN_INT_CONVERSION = YES;
				CLANG_WARN_NON_LITERAL_NULL_CONVERSION = YES;
				CLANG_WARN_OBJC_IMPLICIT_RETAIN_SELF = YES;
				CLANG_WARN_OBJC_LITERAL_CONVERSION = YES;
				CLANG_WARN_OBJC_ROOT_CLASS = YES_ERROR;
				CLANG_WARN_RANGE_LOOP_ANALYSIS = YES;
				CLANG_WARN_STRICT_PROTOTYPES = YES;
				CLANG_WARN_SUSPICIOUS_MOVE = YES;
				CLANG_WARN_UNGUARDED_AVAILABILITY = YES_AGGRESSIVE;
				CLANG_WARN_UNREACHABLE_CODE = YES;
				CLANG_WARN__DUPLICATE_METHOD_MATCH = YES;
				COPY_PHASE_STRIP = NO;
				DEBUG_INFORMATION_FORMAT = dwarf;
				ENABLE_STRICT_OBJC_MSGSEND = YES;
				ENABLE_TESTABILITY = YES;
				GCC_C_LANGUAGE_STANDARD = gnu11;
				GCC_DYNAMIC_NO_PIC = NO;
				GCC_NO_COMMON_BLOCKS = YES;
				GCC_OPTIMIZATION_LEVEL = 0;
				GCC_PREPROCESSOR_DEFINITIONS = (
					"DEBUG=1",
					"$(inherited)",
				);
				GCC_WARN_64_TO_32_BIT_CONVERSION = YES;
				GCC_WARN_ABOUT_RETURN_TYPE = YES_ERROR;
				GCC_WARN_UNDECLARED_SELECTOR = YES;
				GCC_WARN_UNINITIALIZED_AUTOS = YES_AGGRESSIVE;
				GCC_WARN_UNUSED_FUNCTION = YES;
				GCC_WARN_UNUSED_VARIABLE = YES;
				IPHONEOS_DEPLOYMENT_TARGET = 13.4;
				MTL_ENABLE_DEBUG_INFO = INCLUDE_SOURCE;
				MTL_FAST_MATH = YES;
				ONLY_ACTIVE_ARCH = YES;
				SDKROOT = iphoneos;
				SWIFT_ACTIVE_COMPILATION_CONDITIONS = DEBUG;
				SWIFT_OPTIMIZATION_LEVEL = "-Onone";
			};
			name = Debug;
		};
		AE24EA5F24D0F09900FDDE97 /* Release */ = {
			isa = XCBuildConfiguration;
			buildSettings = {
				ALWAYS_SEARCH_USER_PATHS = NO;
				CLANG_ANALYZER_NONNULL = YES;
				CLANG_ANALYZER_NUMBER_OBJECT_CONVERSION = YES_AGGRESSIVE;
				CLANG_CXX_LANGUAGE_STANDARD = "gnu++14";
				CLANG_CXX_LIBRARY = "libc++";
				CLANG_ENABLE_MODULES = YES;
				CLANG_ENABLE_OBJC_ARC = YES;
				CLANG_ENABLE_OBJC_WEAK = YES;
				CLANG_WARN_BLOCK_CAPTURE_AUTORELEASING = YES;
				CLANG_WARN_BOOL_CONVERSION = YES;
				CLANG_WARN_COMMA = YES;
				CLANG_WARN_CONSTANT_CONVERSION = YES;
				CLANG_WARN_DEPRECATED_OBJC_IMPLEMENTATIONS = YES;
				CLANG_WARN_DIRECT_OBJC_ISA_USAGE = YES_ERROR;
				CLANG_WARN_DOCUMENTATION_COMMENTS = YES;
				CLANG_WARN_EMPTY_BODY = YES;
				CLANG_WARN_ENUM_CONVERSION = YES;
				CLANG_WARN_INFINITE_RECURSION = YES;
				CLANG_WARN_INT_CONVERSION = YES;
				CLANG_WARN_NON_LITERAL_NULL_CONVERSION = YES;
				CLANG_WARN_OBJC_IMPLICIT_RETAIN_SELF = YES;
				CLANG_WARN_OBJC_LITERAL_CONVERSION = YES;
				CLANG_WARN_OBJC_ROOT_CLASS = YES_ERROR;
				CLANG_WARN_RANGE_LOOP_ANALYSIS = YES;
				CLANG_WARN_STRICT_PROTOTYPES = YES;
				CLANG_WARN_SUSPICIOUS_MOVE = YES;
				CLANG_WARN_UNGUARDED_AVAILABILITY = YES_AGGRESSIVE;
				CLANG_WARN_UNREACHABLE_CODE = YES;
				CLANG_WARN__DUPLICATE_METHOD_MATCH = YES;
				COPY_PHASE_STRIP = NO;
				DEBUG_INFORMATION_FORMAT = "dwarf-with-dsym";
				ENABLE_NS_ASSERTIONS = NO;
				ENABLE_STRICT_OBJC_MSGSEND = YES;
				GCC_C_LANGUAGE_STANDARD = gnu11;
				GCC_NO_COMMON_BLOCKS = YES;
				GCC_WARN_64_TO_32_BIT_CONVERSION = YES;
				GCC_WARN_ABOUT_RETURN_TYPE = YES_ERROR;
				GCC_WARN_UNDECLARED_SELECTOR = YES;
				GCC_WARN_UNINITIALIZED_AUTOS = YES_AGGRESSIVE;
				GCC_WARN_UNUSED_FUNCTION = YES;
				GCC_WARN_UNUSED_VARIABLE = YES;
				IPHONEOS_DEPLOYMENT_TARGET = 13.4;
				MTL_ENABLE_DEBUG_INFO = NO;
				MTL_FAST_MATH = YES;
				SDKROOT = iphoneos;
				SWIFT_COMPILATION_MODE = wholemodule;
				SWIFT_OPTIMIZATION_LEVEL = "-O";
				VALIDATE_PRODUCT = YES;
			};
			name = Release;
		};
		AE24EA6124D0F09900FDDE97 /* Debug */ = {
			isa = XCBuildConfiguration;
			buildSettings = {
				ASSETCATALOG_COMPILER_APPICON_NAME = AppIcon;
				CODE_SIGN_STYLE = Automatic;
				DEVELOPMENT_ASSET_PATHS = "\"HotProspects/Preview Content\"";
				DEVELOPMENT_TEAM = 5K97LXLCKT;
				ENABLE_PREVIEWS = YES;
				INFOPLIST_FILE = HotProspects/Info.plist;
				LD_RUNPATH_SEARCH_PATHS = (
					"$(inherited)",
					"@executable_path/Frameworks",
				);
				PRODUCT_BUNDLE_IDENTIFIER = dmb.HotProspects;
				PRODUCT_NAME = "$(TARGET_NAME)";
				SWIFT_VERSION = 5.0;
				TARGETED_DEVICE_FAMILY = "1,2";
			};
			name = Debug;
		};
		AE24EA6224D0F09900FDDE97 /* Release */ = {
			isa = XCBuildConfiguration;
			buildSettings = {
				ASSETCATALOG_COMPILER_APPICON_NAME = AppIcon;
				CODE_SIGN_STYLE = Automatic;
				DEVELOPMENT_ASSET_PATHS = "\"HotProspects/Preview Content\"";
				DEVELOPMENT_TEAM = 5K97LXLCKT;
				ENABLE_PREVIEWS = YES;
				INFOPLIST_FILE = HotProspects/Info.plist;
				LD_RUNPATH_SEARCH_PATHS = (
					"$(inherited)",
					"@executable_path/Frameworks",
				);
				PRODUCT_BUNDLE_IDENTIFIER = dmb.HotProspects;
				PRODUCT_NAME = "$(TARGET_NAME)";
				SWIFT_VERSION = 5.0;
				TARGETED_DEVICE_FAMILY = "1,2";
			};
			name = Release;
		};
/* End XCBuildConfiguration section */

/* Begin XCConfigurationList section */
		AE24EA4724D0F09700FDDE97 /* Build configuration list for PBXProject "HotProspects" */ = {
			isa = XCConfigurationList;
			buildConfigurations = (
				AE24EA5E24D0F09900FDDE97 /* Debug */,
				AE24EA5F24D0F09900FDDE97 /* Release */,
			);
			defaultConfigurationIsVisible = 0;
			defaultConfigurationName = Release;
		};
		AE24EA6024D0F09900FDDE97 /* Build configuration list for PBXNativeTarget "HotProspects" */ = {
			isa = XCConfigurationList;
			buildConfigurations = (
				AE24EA6124D0F09900FDDE97 /* Debug */,
				AE24EA6224D0F09900FDDE97 /* Release */,
			);
			defaultConfigurationIsVisible = 0;
			defaultConfigurationName = Release;
		};
/* End XCConfigurationList section */

/* Begin XCRemoteSwiftPackageReference section */
		AE2C81D424D62AFE00CB9179 /* XCRemoteSwiftPackageReference "CodeScanner" */ = {
			isa = XCRemoteSwiftPackageReference;
			repositoryURL = "https://github.com/twostraws/CodeScanner";
			requirement = {
				kind = upToNextMajorVersion;
				minimumVersion = 1.0.6;
			};
		};
/* End XCRemoteSwiftPackageReference section */

/* Begin XCSwiftPackageProductDependency section */
		AE2C81D524D62AFE00CB9179 /* CodeScanner */ = {
			isa = XCSwiftPackageProductDependency;
			package = AE2C81D424D62AFE00CB9179 /* XCRemoteSwiftPackageReference "CodeScanner" */;
			productName = CodeScanner;
		};
/* End XCSwiftPackageProductDependency section */
	};
	rootObject = AE24EA4424D0F09700FDDE97 /* Project object */;
}
